
Microsoft Visual Studio Solution File, Format Version 12.00
# Visual Studio Version 17
VisualStudioVersion = 17.13.35919.96 d17.13
MinimumVisualStudioVersion = 10.0.40219.1
Project("{FAE04EC0-301F-11D3-BF4B-00C04F79EFBC}") = "DelegateBasicExample", "DelegateBasicExample\DelegateBasicExample.csproj", "{62D0D58B-4111-4E42-9A2E-58A2D0B0878B}"
EndProject
Global
	GlobalSection(SolutionConfigurationPlatforms) = preSolution
		Debug|Any CPU = Debug|Any CPU
		Release|Any CPU = Release|Any CPU
	EndGlobalSection
	GlobalSection(ProjectConfigurationPlatforms) = postSolution
		{62D0D58B-4111-4E42-9A2E-58A2D0B0878B}.Debug|Any CPU.ActiveCfg = Debug|Any CPU
		{62D0D58B-4111-4E42-9A2E-58A2D0B0878B}.Debug|Any CPU.Build.0 = Debug|Any CPU
		{62D0D58B-4111-4E42-9A2E-58A2D0B0878B}.Release|Any CPU.ActiveCfg = Release|Any CPU
		{62D0D58B-4111-4E42-9A2E-58A2D0B0878B}.Release|Any CPU.Build.0 = Release|Any CPU
	EndGlobalSection
	GlobalSection(SolutionProperties) = preSolution
		HideSolutionNode = FALSE
	EndGlobalSection
	GlobalSection(ExtensibilityGlobals) = postSolution
		SolutionGuid = {6F763DC0-1779-47AF-A948-2AF07D8CE4E2}
	EndGlobalSection
EndGlobal
